{
    "name": "4hwii_plf4_prisma_seed_select",
    "version": "1.0.0",
    "lockfileVersion": 3,
    "requires": true,
    "packages": {
        "": {
            "name": "4hwii_plf4_prisma_seed_select",
            "version": "1.0.0",
            "license": "ISC",
            "dependencies": {
                "@faker-js/faker": "^8.4.1",
                "@prisma/client": "^5.11.0",
                "prisma": "^5.11.0"
            }
        },
        "node_modules/@faker-js/faker": {
            "version": "8.4.1",
            "resolved": "https://registry.npmjs.org/@faker-js/faker/-/faker-8.4.1.tgz",
            "integrity": "sha512-XQ3cU+Q8Uqmrbf2e0cIC/QN43sTBSC8KF12u29Mb47tWrt2hAgBXSgpZMj4Ao8Uk0iJcU99QsOCaIL8934obCg==",
            "funding": [
                {
                    "type": "opencollective",
                    "url": "https://opencollective.com/fakerjs"
                }
            ],
            "engines": {
                "node": "^14.17.0 || ^16.13.0 || >=18.0.0",
                "npm": ">=6.14.13"
            }
        },
        "node_modules/@prisma/client": {
            "version": "5.11.0",
            "resolved": "https://registry.npmjs.org/@prisma/client/-/client-5.11.0.tgz",
            "integrity": "sha512-SWshvS5FDXvgJKM/a0y9nDC1rqd7KG0Q6ZVzd+U7ZXK5soe73DJxJJgbNBt2GNXOa+ysWB4suTpdK5zfFPhwiw==",
            "hasInstallScript": true,
            "engines": {
                "node": ">=16.13"
            },
            "peerDependencies": {
                "prisma": "*"
            },
            "peerDependenciesMeta": {
                "prisma": {
                    "optional": true
                }
            }
        },
        "node_modules/@prisma/debug": {
            "version": "5.11.0",
            "resolved": "https://registry.npmjs.org/@prisma/debug/-/debug-5.11.0.tgz",
            "integrity": "sha512-N6yYr3AbQqaiUg+OgjkdPp3KPW1vMTAgtKX6+BiB/qB2i1TjLYCrweKcUjzOoRM5BriA4idrkTej9A9QqTfl3A=="
        },
        "node_modules/@prisma/engines": {
            "version": "5.11.0",
            "resolved": "https://registry.npmjs.org/@prisma/engines/-/engines-5.11.0.tgz",
            "integrity": "sha512-gbrpQoBTYWXDRqD+iTYMirDlF9MMlQdxskQXbhARhG6A/uFQjB7DZMYocMQLoiZXO/IskfDOZpPoZE8TBQKtEw==",
            "hasInstallScript": true,
            "dependencies": {
                "@prisma/debug": "5.11.0",
                "@prisma/engines-version": "5.11.0-15.efd2449663b3d73d637ea1fd226bafbcf45b3102",
                "@prisma/fetch-engine": "5.11.0",
                "@prisma/get-platform": "5.11.0"
            }
        },
        "node_modules/@prisma/engines-version": {
            "version": "5.11.0-15.efd2449663b3d73d637ea1fd226bafbcf45b3102",
            "resolved": "https://registry.npmjs.org/@prisma/engines-version/-/engines-version-5.11.0-15.efd2449663b3d73d637ea1fd226bafbcf45b3102.tgz",
            "integrity": "sha512-WXCuyoymvrS4zLz4wQagSsc3/nE6CHy8znyiMv8RKazKymOMd5o9FP5RGwGHAtgoxd+aB/BWqxuP/Ckfu7/3MA=="
        },
        "node_modules/@prisma/fetch-engine": {
            "version": "5.11.0",
            "resolved": "https://registry.npmjs.org/@prisma/fetch-engine/-/fetch-engine-5.11.0.tgz",
            "integrity": "sha512-994viazmHTJ1ymzvWugXod7dZ42T2ROeFuH6zHPcUfp/69+6cl5r9u3NFb6bW8lLdNjwLYEVPeu3hWzxpZeC0w==",
            "dependencies": {
                "@prisma/debug": "5.11.0",
                "@prisma/engines-version": "5.11.0-15.efd2449663b3d73d637ea1fd226bafbcf45b3102",
                "@prisma/get-platform": "5.11.0"
            }
        },
        "node_modules/@prisma/get-platform": {
            "version": "5.11.0",
            "resolved": "https://registry.npmjs.org/@prisma/get-platform/-/get-platform-5.11.0.tgz",
            "integrity": "sha512-rxtHpMLxNTHxqWuGOLzR2QOyQi79rK1u1XYAVLZxDGTLz/A+uoDnjz9veBFlicrpWjwuieM4N6jcnjj/DDoidw==",
            "dependencies": {
                "@prisma/debug": "5.11.0"
            }
        },
        "node_modules/prisma": {
            "version": "5.11.0",
            "resolved": "https://registry.npmjs.org/prisma/-/prisma-5.11.0.tgz",
            "integrity": "sha512-KCLiug2cs0Je7kGkQBN9jDWoZ90ogE/kvZTUTgz2h94FEo8pczCkPH7fPNXkD1sGU7Yh65risGGD1HQ5DF3r3g==",
            "hasInstallScript": true,
            "dependencies": {
                "@prisma/engines": "5.11.0"
            },
            "bin": {
                "prisma": "build/index.js"
            },
            "engines": {
                "node": ">=16.13"
            }
        }
    }
}
